// !$*UTF8*$!
{
	archiveVersion = 1;
	classes = {
	};
	objectVersion = 46;
	objects = {

/* Begin PBXBuildFile section */
		597C93731B00F89100487180 /* AppDelegate.swift in Sources */ = {isa = PBXBuildFile; fileRef = 597C93721B00F89100487180 /* AppDelegate.swift */; };
		597C93751B00F89100487180 /* Images.xcassets in Resources */ = {isa = PBXBuildFile; fileRef = 597C93741B00F89100487180 /* Images.xcassets */; };
		597C93781B00F89100487180 /* LaunchScreen.xib in Resources */ = {isa = PBXBuildFile; fileRef = 597C93761B00F89100487180 /* LaunchScreen.xib */; };
		597C93841B00F89100487180 /* StarWarsSwiftTests.swift in Sources */ = {isa = PBXBuildFile; fileRef = 597C93831B00F89100487180 /* StarWarsSwiftTests.swift */; };
		597C93901B00FCAD00487180 /* Settings.swift in Sources */ = {isa = PBXBuildFile; fileRef = 597C938F1B00FCAD00487180 /* Settings.swift */; };
		597C93921B00FEA600487180 /* FLGStarWarsCharacter.swift in Sources */ = {isa = PBXBuildFile; fileRef = 597C93911B00FEA600487180 /* FLGStarWarsCharacter.swift */; };
		597C93951B01028C00487180 /* FLGStarWarsUniverse.swift in Sources */ = {isa = PBXBuildFile; fileRef = 597C93941B01028C00487180 /* FLGStarWarsUniverse.swift */; };
		597C93A61B011CCC00487180 /* c3po.jpg in Resources */ = {isa = PBXBuildFile; fileRef = 597C93961B011CCC00487180 /* c3po.jpg */; };
		597C93A71B011CCC00487180 /* c3po.caf in Resources */ = {isa = PBXBuildFile; fileRef = 597C93971B011CCC00487180 /* c3po.caf */; };
		597C93A81B011CCC00487180 /* chewbacca.caf in Resources */ = {isa = PBXBuildFile; fileRef = 597C93981B011CCC00487180 /* chewbacca.caf */; };
		597C93A91B011CCC00487180 /* chewbacca.jpg in Resources */ = {isa = PBXBuildFile; fileRef = 597C93991B011CCC00487180 /* chewbacca.jpg */; };
		597C93AA1B011CCC00487180 /* darthVader.jpg in Resources */ = {isa = PBXBuildFile; fileRef = 597C939A1B011CCC00487180 /* darthVader.jpg */; };
		597C93AB1B011CCC00487180 /* icon.png in Resources */ = {isa = PBXBuildFile; fileRef = 597C939B1B011CCC00487180 /* icon.png */; };
		597C93AC1B011CCC00487180 /* iconSmall.png in Resources */ = {isa = PBXBuildFile; fileRef = 597C939C1B011CCC00487180 /* iconSmall.png */; };
		597C93AD1B011CCC00487180 /* palpatine.caf in Resources */ = {isa = PBXBuildFile; fileRef = 597C939D1B011CCC00487180 /* palpatine.caf */; };
		597C93AE1B011CCC00487180 /* palpatine.jpg in Resources */ = {isa = PBXBuildFile; fileRef = 597C939E1B011CCC00487180 /* palpatine.jpg */; };
		597C93AF1B011CCC00487180 /* r2-d2.caf in Resources */ = {isa = PBXBuildFile; fileRef = 597C939F1B011CCC00487180 /* r2-d2.caf */; };
		597C93B01B011CCC00487180 /* R2-D2.jpg in Resources */ = {isa = PBXBuildFile; fileRef = 597C93A01B011CCC00487180 /* R2-D2.jpg */; };
		597C93B11B011CCC00487180 /* tarkin.caf in Resources */ = {isa = PBXBuildFile; fileRef = 597C93A11B011CCC00487180 /* tarkin.caf */; };
		597C93B21B011CCC00487180 /* tarkin.jpg in Resources */ = {isa = PBXBuildFile; fileRef = 597C93A21B011CCC00487180 /* tarkin.jpg */; };
		597C93B31B011CCC00487180 /* vader.caf in Resources */ = {isa = PBXBuildFile; fileRef = 597C93A31B011CCC00487180 /* vader.caf */; };
		597C93B41B011CCC00487180 /* yoda.caf in Resources */ = {isa = PBXBuildFile; fileRef = 597C93A41B011CCC00487180 /* yoda.caf */; };
		597C93B51B011CCC00487180 /* yoda.jpg in Resources */ = {isa = PBXBuildFile; fileRef = 597C93A51B011CCC00487180 /* yoda.jpg */; };
		597C93BD1B011FAA00487180 /* CafPlayer.m in Sources */ = {isa = PBXBuildFile; fileRef = 597C93BC1B011FAA00487180 /* CafPlayer.m */; };
/* End PBXBuildFile section */

/* Begin PBXContainerItemProxy section */
		597C937E1B00F89100487180 /* PBXContainerItemProxy */ = {
			isa = PBXContainerItemProxy;
			containerPortal = 597C93651B00F89100487180 /* Project object */;
			proxyType = 1;
			remoteGlobalIDString = 597C936C1B00F89100487180;
			remoteInfo = StarWarsSwift;
		};
/* End PBXContainerItemProxy section */

/* Begin PBXFileReference section */
		597C936D1B00F89100487180 /* StarWarsSwift.app */ = {isa = PBXFileReference; explicitFileType = wrapper.application; includeInIndex = 0; path = StarWarsSwift.app; sourceTree = BUILT_PRODUCTS_DIR; };
		597C93711B00F89100487180 /* Info.plist */ = {isa = PBXFileReference; lastKnownFileType = text.plist.xml; path = Info.plist; sourceTree = "<group>"; };
		597C93721B00F89100487180 /* AppDelegate.swift */ = {isa = PBXFileReference; lastKnownFileType = sourcecode.swift; path = AppDelegate.swift; sourceTree = "<group>"; };
		597C93741B00F89100487180 /* Images.xcassets */ = {isa = PBXFileReference; lastKnownFileType = folder.assetcatalog; path = Images.xcassets; sourceTree = "<group>"; };
		597C93771B00F89100487180 /* Base */ = {isa = PBXFileReference; lastKnownFileType = file.xib; name = Base; path = Base.lproj/LaunchScreen.xib; sourceTree = "<group>"; };
		597C937D1B00F89100487180 /* StarWarsSwiftTests.xctest */ = {isa = PBXFileReference; explicitFileType = wrapper.cfbundle; includeInIndex = 0; path = StarWarsSwiftTests.xctest; sourceTree = BUILT_PRODUCTS_DIR; };
		597C93821B00F89100487180 /* Info.plist */ = {isa = PBXFileReference; lastKnownFileType = text.plist.xml; path = Info.plist; sourceTree = "<group>"; };
		597C93831B00F89100487180 /* StarWarsSwiftTests.swift */ = {isa = PBXFileReference; lastKnownFileType = sourcecode.swift; path = StarWarsSwiftTests.swift; sourceTree = "<group>"; };
		597C938F1B00FCAD00487180 /* Settings.swift */ = {isa = PBXFileReference; fileEncoding = 4; lastKnownFileType = sourcecode.swift; path = Settings.swift; sourceTree = "<group>"; };
		597C93911B00FEA600487180 /* FLGStarWarsCharacter.swift */ = {isa = PBXFileReference; fileEncoding = 4; lastKnownFileType = sourcecode.swift; path = FLGStarWarsCharacter.swift; sourceTree = "<group>"; };
		597C93941B01028C00487180 /* FLGStarWarsUniverse.swift */ = {isa = PBXFileReference; fileEncoding = 4; lastKnownFileType = sourcecode.swift; path = FLGStarWarsUniverse.swift; sourceTree = "<group>"; };
		597C93961B011CCC00487180 /* c3po.jpg */ = {isa = PBXFileReference; lastKnownFileType = image.jpeg; path = c3po.jpg; sourceTree = "<group>"; };
		597C93971B011CCC00487180 /* c3po.caf */ = {isa = PBXFileReference; lastKnownFileType = file; path = c3po.caf; sourceTree = "<group>"; };
		597C93981B011CCC00487180 /* chewbacca.caf */ = {isa = PBXFileReference; lastKnownFileType = file; path = chewbacca.caf; sourceTree = "<group>"; };
		597C93991B011CCC00487180 /* chewbacca.jpg */ = {isa = PBXFileReference; lastKnownFileType = image.jpeg; path = chewbacca.jpg; sourceTree = "<group>"; };
		597C939A1B011CCC00487180 /* darthVader.jpg */ = {isa = PBXFileReference; lastKnownFileType = image.jpeg; path = darthVader.jpg; sourceTree = "<group>"; };
		597C939B1B011CCC00487180 /* icon.png */ = {isa = PBXFileReference; lastKnownFileType = image.png; path = icon.png; sourceTree = "<group>"; };
		597C939C1B011CCC00487180 /* iconSmall.png */ = {isa = PBXFileReference; lastKnownFileType = image.png; path = iconSmall.png; sourceTree = "<group>"; };
		597C939D1B011CCC00487180 /* palpatine.caf */ = {isa = PBXFileReference; lastKnownFileType = file; path = palpatine.caf; sourceTree = "<group>"; };
		597C939E1B011CCC00487180 /* palpatine.jpg */ = {isa = PBXFileReference; lastKnownFileType = image.jpeg; path = palpatine.jpg; sourceTree = "<group>"; };
		597C939F1B011CCC00487180 /* r2-d2.caf */ = {isa = PBXFileReference; lastKnownFileType = file; path = "r2-d2.caf"; sourceTree = "<group>"; };
		597C93A01B011CCC00487180 /* R2-D2.jpg */ = {isa = PBXFileReference; lastKnownFileType = image.jpeg; path = "R2-D2.jpg"; sourceTree = "<group>"; };
		597C93A11B011CCC00487180 /* tarkin.caf */ = {isa = PBXFileReference; lastKnownFileType = file; path = tarkin.caf; sourceTree = "<group>"; };
		597C93A21B011CCC00487180 /* tarkin.jpg */ = {isa = PBXFileReference; lastKnownFileType = image.jpeg; path = tarkin.jpg; sourceTree = "<group>"; };
		597C93A31B011CCC00487180 /* vader.caf */ = {isa = PBXFileReference; lastKnownFileType = file; path = vader.caf; sourceTree = "<group>"; };
		597C93A41B011CCC00487180 /* yoda.caf */ = {isa = PBXFileReference; lastKnownFileType = file; path = yoda.caf; sourceTree = "<group>"; };
		597C93A51B011CCC00487180 /* yoda.jpg */ = {isa = PBXFileReference; lastKnownFileType = image.jpeg; path = yoda.jpg; sourceTree = "<group>"; };
		597C93BA1B011FA900487180 /* StarWarsSwift-Bridging-Header.h */ = {isa = PBXFileReference; lastKnownFileType = sourcecode.c.h; path = "StarWarsSwift-Bridging-Header.h"; sourceTree = "<group>"; };
		597C93BB1B011FAA00487180 /* CafPlayer.h */ = {isa = PBXFileReference; fileEncoding = 4; lastKnownFileType = sourcecode.c.h; path = CafPlayer.h; sourceTree = "<group>"; };
		597C93BC1B011FAA00487180 /* CafPlayer.m */ = {isa = PBXFileReference; fileEncoding = 4; lastKnownFileType = sourcecode.c.objc; path = CafPlayer.m; sourceTree = "<group>"; };
/* End PBXFileReference section */

/* Begin PBXFrameworksBuildPhase section */
		597C936A1B00F89100487180 /* Frameworks */ = {
			isa = PBXFrameworksBuildPhase;
			buildActionMask = 2147483647;
			files = (
			);
			runOnlyForDeploymentPostprocessing = 0;
		};
		597C937A1B00F89100487180 /* Frameworks */ = {
			isa = PBXFrameworksBuildPhase;
			buildActionMask = 2147483647;
			files = (
			);
			runOnlyForDeploymentPostprocessing = 0;
		};
/* End PBXFrameworksBuildPhase section */

/* Begin PBXGroup section */
		597C93641B00F89100487180 = {
			isa = PBXGroup;
			children = (
				597C936F1B00F89100487180 /* StarWarsSwift */,
				597C93801B00F89100487180 /* StarWarsSwiftTests */,
				597C936E1B00F89100487180 /* Products */,
			);
			sourceTree = "<group>";
		};
		597C936E1B00F89100487180 /* Products */ = {
			isa = PBXGroup;
			children = (
				597C936D1B00F89100487180 /* StarWarsSwift.app */,
				597C937D1B00F89100487180 /* StarWarsSwiftTests.xctest */,
			);
			name = Products;
			sourceTree = "<group>";
		};
		597C936F1B00F89100487180 /* StarWarsSwift */ = {
			isa = PBXGroup;
			children = (
				597C93B71B011CF200487180 /* Sound */,
				597C938F1B00FCAD00487180 /* Settings.swift */,
				597C93721B00F89100487180 /* AppDelegate.swift */,
				597C93B61B011CD200487180 /* Resources */,
				597C93931B00FEAC00487180 /* Models */,
				597C93741B00F89100487180 /* Images.xcassets */,
				597C93761B00F89100487180 /* LaunchScreen.xib */,
				597C93701B00F89100487180 /* Supporting Files */,
			);
			path = StarWarsSwift;
			sourceTree = "<group>";
		};
		597C93701B00F89100487180 /* Supporting Files */ = {
			isa = PBXGroup;
			children = (
				597C93711B00F89100487180 /* Info.plist */,
			);
			name = "Supporting Files";
			sourceTree = "<group>";
		};
		597C93801B00F89100487180 /* StarWarsSwiftTests */ = {
			isa = PBXGroup;
			children = (
				597C93831B00F89100487180 /* StarWarsSwiftTests.swift */,
				597C93811B00F89100487180 /* Supporting Files */,
			);
			path = StarWarsSwiftTests;
			sourceTree = "<group>";
		};
		597C93811B00F89100487180 /* Supporting Files */ = {
			isa = PBXGroup;
			children = (
				597C93821B00F89100487180 /* Info.plist */,
			);
			name = "Supporting Files";
			sourceTree = "<group>";
		};
		597C93931B00FEAC00487180 /* Models */ = {
			isa = PBXGroup;
			children = (
				597C93911B00FEA600487180 /* FLGStarWarsCharacter.swift */,
				597C93941B01028C00487180 /* FLGStarWarsUniverse.swift */,
			);
			name = Models;
			sourceTree = "<group>";
		};
		597C93B61B011CD200487180 /* Resources */ = {
			isa = PBXGroup;
			children = (
				597C93961B011CCC00487180 /* c3po.jpg */,
				597C93971B011CCC00487180 /* c3po.caf */,
				597C93981B011CCC00487180 /* chewbacca.caf */,
				597C93991B011CCC00487180 /* chewbacca.jpg */,
				597C939A1B011CCC00487180 /* darthVader.jpg */,
				597C939B1B011CCC00487180 /* icon.png */,
				597C939C1B011CCC00487180 /* iconSmall.png */,
				597C939D1B011CCC00487180 /* palpatine.caf */,
				597C939E1B011CCC00487180 /* palpatine.jpg */,
				597C939F1B011CCC00487180 /* r2-d2.caf */,
				597C93A01B011CCC00487180 /* R2-D2.jpg */,
				597C93A11B011CCC00487180 /* tarkin.caf */,
				597C93A21B011CCC00487180 /* tarkin.jpg */,
				597C93A31B011CCC00487180 /* vader.caf */,
				597C93A41B011CCC00487180 /* yoda.caf */,
				597C93A51B011CCC00487180 /* yoda.jpg */,
			);
			name = Resources;
			sourceTree = "<group>";
		};
		597C93B71B011CF200487180 /* Sound */ = {
			isa = PBXGroup;
			children = (
				597C93BB1B011FAA00487180 /* CafPlayer.h */,
				597C93BC1B011FAA00487180 /* CafPlayer.m */,
				597C93BA1B011FA900487180 /* StarWarsSwift-Bridging-Header.h */,
			);
			name = Sound;
			sourceTree = "<group>";
		};
/* End PBXGroup section */

/* Begin PBXNativeTarget section */
		597C936C1B00F89100487180 /* StarWarsSwift */ = {
			isa = PBXNativeTarget;
			buildConfigurationList = 597C93871B00F89100487180 /* Build configuration list for PBXNativeTarget "StarWarsSwift" */;
			buildPhases = (
				597C93691B00F89100487180 /* Sources */,
				597C936A1B00F89100487180 /* Frameworks */,
				597C936B1B00F89100487180 /* Resources */,
			);
			buildRules = (
			);
			dependencies = (
			);
			name = StarWarsSwift;
			productName = StarWarsSwift;
			productReference = 597C936D1B00F89100487180 /* StarWarsSwift.app */;
			productType = "com.apple.product-type.application";
		};
		597C937C1B00F89100487180 /* StarWarsSwiftTests */ = {
			isa = PBXNativeTarget;
			buildConfigurationList = 597C938A1B00F89100487180 /* Build configuration list for PBXNativeTarget "StarWarsSwiftTests" */;
			buildPhases = (
				597C93791B00F89100487180 /* Sources */,
				597C937A1B00F89100487180 /* Frameworks */,
				597C937B1B00F89100487180 /* Resources */,
			);
			buildRules = (
			);
			dependencies = (
				597C937F1B00F89100487180 /* PBXTargetDependency */,
			);
			name = StarWarsSwiftTests;
			productName = StarWarsSwiftTests;
			productReference = 597C937D1B00F89100487180 /* StarWarsSwiftTests.xctest */;
			productType = "com.apple.product-type.bundle.unit-test";
		};
/* End PBXNativeTarget section */

/* Begin PBXProject section */
		597C93651B00F89100487180 /* Project object */ = {
			isa = PBXProject;
			attributes = {
				LastUpgradeCheck = 0630;
				ORGANIZATIONNAME = FillinGAPPs;
				TargetAttributes = {
					597C936C1B00F89100487180 = {
						CreatedOnToolsVersion = 6.3.1;
					};
					597C937C1B00F89100487180 = {
						CreatedOnToolsVersion = 6.3.1;
						TestTargetID = 597C936C1B00F89100487180;
					};
				};
			};
			buildConfigurationList = 597C93681B00F89100487180 /* Build configuration list for PBXProject "StarWarsSwift" */;
			compatibilityVersion = "Xcode 3.2";
			developmentRegion = English;
			hasScannedForEncodings = 0;
			knownRegions = (
				en,
				Base,
			);
			mainGroup = 597C93641B00F89100487180;
			productRefGroup = 597C936E1B00F89100487180 /* Products */;
			projectDirPath = "";
			projectRoot = "";
			targets = (
				597C936C1B00F89100487180 /* StarWarsSwift */,
				597C937C1B00F89100487180 /* StarWarsSwiftTests */,
			);
		};
/* End PBXProject section */

/* Begin PBXResourcesBuildPhase section */
		597C936B1B00F89100487180 /* Resources */ = {
			isa = PBXResourcesBuildPhase;
			buildActionMask = 2147483647;
			files = (
				597C93AE1B011CCC00487180 /* palpatine.jpg in Resources */,
				597C93A81B011CCC00487180 /* chewbacca.caf in Resources */,
				597C93AC1B011CCC00487180 /* iconSmall.png in Resources */,
				597C93B31B011CCC00487180 /* vader.caf in Resources */,
				597C93B51B011CCC00487180 /* yoda.jpg in Resources */,
				597C93B41B011CCC00487180 /* yoda.caf in Resources */,
				597C93B11B011CCC00487180 /* tarkin.caf in Resources */,
				597C93AA1B011CCC00487180 /* darthVader.jpg in Resources */,
				597C93781B00F89100487180 /* LaunchScreen.xib in Resources */,
				597C93A71B011CCC00487180 /* c3po.caf in Resources */,
				597C93AB1B011CCC00487180 /* icon.png in Resources */,
				597C93A61B011CCC00487180 /* c3po.jpg in Resources */,
				597C93AF1B011CCC00487180 /* r2-d2.caf in Resources */,
				597C93751B00F89100487180 /* Images.xcassets in Resources */,
				597C93A91B011CCC00487180 /* chewbacca.jpg in Resources */,
				597C93B01B011CCC00487180 /* R2-D2.jpg in Resources */,
				597C93AD1B011CCC00487180 /* palpatine.caf in Resources */,
				597C93B21B011CCC00487180 /* tarkin.jpg in Resources */,
			);
			runOnlyForDeploymentPostprocessing = 0;
		};
		597C937B1B00F89100487180 /* Resources */ = {
			isa = PBXResourcesBuildPhase;
			buildActionMask = 2147483647;
			files = (
			);
			runOnlyForDeploymentPostprocessing = 0;
		};
/* End PBXResourcesBuildPhase section */

/* Begin PBXSourcesBuildPhase section */
		597C93691B00F89100487180 /* Sources */ = {
			isa = PBXSourcesBuildPhase;
			buildActionMask = 2147483647;
			files = (
				597C93901B00FCAD00487180 /* Settings.swift in Sources */,
				597C93951B01028C00487180 /* FLGStarWarsUniverse.swift in Sources */,
				597C93921B00FEA600487180 /* FLGStarWarsCharacter.swift in Sources */,
				597C93731B00F89100487180 /* AppDelegate.swift in Sources */,
				597C93BD1B011FAA00487180 /* CafPlayer.m in Sources */,
			);
			runOnlyForDeploymentPostprocessing = 0;
		};
		597C93791B00F89100487180 /* Sources */ = {
			isa = PBXSourcesBuildPhase;
			buildActionMask = 2147483647;
			files = (
				597C93841B00F89100487180 /* StarWarsSwiftTests.swift in Sources */,
			);
			runOnlyForDeploymentPostprocessing = 0;
		};
/* End PBXSourcesBuildPhase section */

/* Begin PBXTargetDependency section */
		597C937F1B00F89100487180 /* PBXTargetDependency */ = {
			isa = PBXTargetDependency;
			target = 597C936C1B00F89100487180 /* StarWarsSwift */;
			targetProxy = 597C937E1B00F89100487180 /* PBXContainerItemProxy */;
		};
/* End PBXTargetDependency section */

/* Begin PBXVariantGroup section */
		597C93761B00F89100487180 /* LaunchScreen.xib */ = {
			isa = PBXVariantGroup;
			children = (
				597C93771B00F89100487180 /* Base */,
			);
			name = LaunchScreen.xib;
			sourceTree = "<group>";
		};
/* End PBXVariantGroup section */

/* Begin XCBuildConfiguration section */
		597C93851B00F89100487180 /* Debug */ = {
			isa = XCBuildConfiguration;
			buildSettings = {
				ALWAYS_SEARCH_USER_PATHS = NO;
				CLANG_CXX_LANGUAGE_STANDARD = "gnu++0x";
				CLANG_CXX_LIBRARY = "libc++";
				CLANG_ENABLE_MODULES = YES;
				CLANG_ENABLE_OBJC_ARC = YES;
				CLANG_WARN_BOOL_CONVERSION = YES;
				CLANG_WARN_CONSTANT_CONVERSION = YES;
				CLANG_WARN_DIRECT_OBJC_ISA_USAGE = YES_ERROR;
				CLANG_WARN_EMPTY_BODY = YES;
				CLANG_WARN_ENUM_CONVERSION = YES;
				CLANG_WARN_INT_CONVERSION = YES;
				CLANG_WARN_OBJC_ROOT_CLASS = YES_ERROR;
				CLANG_WARN_UNREACHABLE_CODE = YES;
				CLANG_WARN__DUPLICATE_METHOD_MATCH = YES;
				"CODE_SIGN_IDENTITY[sdk=iphoneos*]" = "iPhone Developer";
				COPY_PHASE_STRIP = NO;
				DEBUG_INFORMATION_FORMAT = "dwarf-with-dsym";
				ENABLE_STRICT_OBJC_MSGSEND = YES;
				GCC_C_LANGUAGE_STANDARD = gnu99;
				GCC_DYNAMIC_NO_PIC = NO;
				GCC_NO_COMMON_BLOCKS = YES;
				GCC_OPTIMIZATION_LEVEL = 0;
				GCC_PREPROCESSOR_DEFINITIONS = (
					"DEBUG=1",
					"$(inherited)",
				);
				GCC_SYMBOLS_PRIVATE_EXTERN = NO;
				GCC_WARN_64_TO_32_BIT_CONVERSION = YES;
				GCC_WARN_ABOUT_RETURN_TYPE = YES_ERROR;
				GCC_WARN_UNDECLARED_SELECTOR = YES;
				GCC_WARN_UNINITIALIZED_AUTOS = YES_AGGRESSIVE;
				GCC_WARN_UNUSED_FUNCTION = YES;
				GCC_WARN_UNUSED_VARIABLE = YES;
				IPHONEOS_DEPLOYMENT_TARGET = 8.3;
				MTL_ENABLE_DEBUG_INFO = YES;
				ONLY_ACTIVE_ARCH = YES;
				SDKROOT = iphoneos;
				SWIFT_OPTIMIZATION_LEVEL = "-Onone";
			};
			name = Debug;
		};
		597C93861B00F89100487180 /* Release */ = {
			isa = XCBuildConfiguration;
			buildSettings = {
				ALWAYS_SEARCH_USER_PATHS = NO;
				CLANG_CXX_LANGUAGE_STANDARD = "gnu++0x";
				CLANG_CXX_LIBRARY = "libc++";
				CLANG_ENABLE_MODULES = YES;
				CLANG_ENABLE_OBJC_ARC = YES;
				CLANG_WARN_BOOL_CONVERSION = YES;
				CLANG_WARN_CONSTANT_CONVERSION = YES;
				CLANG_WARN_DIRECT_OBJC_ISA_USAGE = YES_ERROR;
				CLANG_WARN_EMPTY_BODY = YES;
				CLANG_WARN_ENUM_CONVERSION = YES;
				CLANG_WARN_INT_CONVERSION = YES;
				CLANG_WARN_OBJC_ROOT_CLASS = YES_ERROR;
				CLANG_WARN_UNREACHABLE_CODE = YES;
				CLANG_WARN__DUPLICATE_METHOD_MATCH = YES;
				"CODE_SIGN_IDENTITY[sdk=iphoneos*]" = "iPhone Developer";
				COPY_PHASE_STRIP = NO;
				DEBUG_INFORMATION_FORMAT = "dwarf-with-dsym";
				ENABLE_NS_ASSERTIONS = NO;
				ENABLE_STRICT_OBJC_MSGSEND = YES;
				GCC_C_LANGUAGE_STANDARD = gnu99;
				GCC_NO_COMMON_BLOCKS = YES;
				GCC_WARN_64_TO_32_BIT_CONVERSION = YES;
				GCC_WARN_ABOUT_RETURN_TYPE = YES_ERROR;
				GCC_WARN_UNDECLARED_SELECTOR = YES;
				GCC_WARN_UNINITIALIZED_AUTOS = YES_AGGRESSIVE;
				GCC_WARN_UNUSED_FUNCTION = YES;
				GCC_WARN_UNUSED_VARIABLE = YES;
				IPHONEOS_DEPLOYMENT_TARGET = 8.3;
				MTL_ENABLE_DEBUG_INFO = NO;
				SDKROOT = iphoneos;
				VALIDATE_PRODUCT = YES;
			};
			name = Release;
		};
		597C93881B00F89100487180 /* Debug */ = {
			isa = XCBuildConfiguration;
			buildSettings = {
				ASSETCATALOG_COMPILER_APPICON_NAME = AppIcon;
				CLANG_ENABLE_MODULES = YES;
				INFOPLIST_FILE = StarWarsSwift/Info.plist;
				LD_RUNPATH_SEARCH_PATHS = "$(inherited) @executable_path/Frameworks";
				PRODUCT_NAME = "$(TARGET_NAME)";
				SWIFT_OBJC_BRIDGING_HEADER = "StarWarsSwift/StarWarsSwift-Bridging-Header.h";
				SWIFT_OPTIMIZATION_LEVEL = "-Onone";
			};
			name = Debug;
		};
		597C93891B00F89100487180 /* Release */ = {
			isa = XCBuildConfiguration;
			buildSettings = {
				ASSETCATALOG_COMPILER_APPICON_NAME = AppIcon;
				CLANG_ENABLE_MODULES = YES;
				INFOPLIST_FILE = StarWarsSwift/Info.plist;
				LD_RUNPATH_SEARCH_PATHS = "$(inherited) @executable_path/Frameworks";
				PRODUCT_NAME = "$(TARGET_NAME)";
				SWIFT_OBJC_BRIDGING_HEADER = "StarWarsSwift/StarWarsSwift-Bridging-Header.h";
			};
			name = Release;
		};
		597C938B1B00F89100487180 /* Debug */ = {
			isa = XCBuildConfiguration;
			buildSettings = {
				BUNDLE_LOADER = "$(TEST_HOST)";
				FRAMEWORK_SEARCH_PATHS = (
					"$(SDKROOT)/Developer/Library/Frameworks",
					"$(inherited)",
				);
				GCC_PREPROCESSOR_DEFINITIONS = (
					"DEBUG=1",
					"$(inherited)",
				);
				INFOPLIST_FILE = StarWarsSwiftTests/Info.plist;
				LD_RUNPATH_SEARCH_PATHS = "$(inherited) @executable_path/Frameworks @loader_path/Frameworks";
				PRODUCT_NAME = "$(TARGET_NAME)";
				TEST_HOST = "$(BUILT_PRODUCTS_DIR)/StarWarsSwift.app/StarWarsSwift";
			};
			name = Debug;
		};
		597C938C1B00F89100487180 /* Release */ = {
			isa = XCBuildConfiguration;
			buildSettings = {
				BUNDLE_LOADER = "$(TEST_HOST)";
				FRAMEWORK_SEARCH_PATHS = (
					"$(SDKROOT)/Developer/Library/Frameworks",
					"$(inherited)",
				);
				INFOPLIST_FILE = StarWarsSwiftTests/Info.plist;
				LD_RUNPATH_SEARCH_PATHS = "$(inherited) @executable_path/Frameworks @loader_path/Frameworks";
				PRODUCT_NAME = "$(TARGET_NAME)";
				TEST_HOST = "$(BUILT_PRODUCTS_DIR)/StarWarsSwift.app/StarWarsSwift";
			};
			name = Release;
		};
/* End XCBuildConfiguration section */

/* Begin XCConfigurationList section */
		597C93681B00F89100487180 /* Build configuration list for PBXProject "StarWarsSwift" */ = {
			isa = XCConfigurationList;
			buildConfigurations = (
				597C93851B00F89100487180 /* Debug */,
				597C93861B00F89100487180 /* Release */,
			);
			defaultConfigurationIsVisible = 0;
			defaultConfigurationName = Release;
		};
		597C93871B00F89100487180 /* Build configuration list for PBXNativeTarget "StarWarsSwift" */ = {
			isa = XCConfigurationList;
			buildConfigurations = (
				597C93881B00F89100487180 /* Debug */,
				597C93891B00F89100487180 /* Release */,
			);
			defaultConfigurationIsVisible = 0;
		};
		597C938A1B00F89100487180 /* Build configuration list for PBXNativeTarget "StarWarsSwiftTests" */ = {
			isa = XCConfigurationList;
			buildConfigurations = (
				597C938B1B00F89100487180 /* Debug */,
				597C938C1B00F89100487180 /* Release */,
			);
			defaultConfigurationIsVisible = 0;
		};
/* End XCConfigurationList section */
	};
	rootObject = 597C93651B00F89100487180 /* Project object */;
}
